<?xml version="1.0" encoding="utf-8"?>
<Project ToolsVersion="4.0" xmlns="http://schemas.microsoft.com/developer/msbuild/2003">
  <ItemGroup>
    <Filter Include="Source Files">
      <UniqueIdentifier>{fbad0f2d-faaa-4b0b-865c-583fac8ddcb1}</UniqueIdentifier>
      <Extensions>cpp;c;cxx;rc;def;r;odl;idl;hpj;bat</Extensions>
    </Filter>
    <Filter Include="Header Files">
      <UniqueIdentifier>{92f20462-242f-4a0c-883e-b3c33819b84b}</UniqueIdentifier>
      <Extensions>h;hpp;hxx;hm;inl</Extensions>
    </Filter>
    <Filter Include="Resource Files">
      <UniqueIdentifier>{ad6e765e-4300-41dc-b185-05b019286785}</UniqueIdentifier>
      <Extensions>ico;cur;bmp;dlg;rc2;rct;bin;rgs;gif;jpg;jpeg;jpe</Extensions>
    </Filter>
  </ItemGroup>
  <ItemGroup>
    <ClCompile Include="AIRExporter2012.cpp">
      <Filter>Source Files</Filter>
    </ClCompile>
    <ClCompile Include="DllEntry.cpp">
      <Filter>Source Files</Filter>
    </ClCompile>
    <ClCompile Include="MaxMesh.cpp">
      <Filter>Source Files</Filter>
    </ClCompile>
    <ClCompile Include="MaxNode.cpp">
      <Filter>Source Files</Filter>
    </ClCompile>
    <ClCompile Include="MaxMaterial.cpp">
      <Filter>Source Files</Filter>
    </ClCompile>
    <ClCompile Include="AIRSkeleton.cpp">
      <Filter>Source Files</Filter>
    </ClCompile>
    <ClCompile Include="AIRSubMesh.cpp">
      <Filter>Source Files</Filter>
    </ClCompile>
    <ClCompile Include="AIRVertex.cpp">
      <Filter>Source Files</Filter>
    </ClCompile>
    <ClCompile Include="MarkupSTL.cpp">
      <Filter>Source Files</Filter>
    </ClCompile>
    <ClCompile Include="MaxInterface.cpp">
      <Filter>Source Files</Filter>
    </ClCompile>
    <ClCompile Include="AIRMesh.cpp">
      <Filter>Source Files</Filter>
    </ClCompile>
    <ClCompile Include="AIRMaterial.cpp">
      <Filter>Source Files</Filter>
    </ClCompile>
    <ClCompile Include="AIRKeyframeAnimation.cpp">
      <Filter>Source Files</Filter>
    </ClCompile>
    <ClCompile Include="AIRAnimBone.cpp">
      <Filter>Source Files</Filter>
    </ClCompile>
    <ClCompile Include="AIRBone.cpp">
      <Filter>Source Files</Filter>
    </ClCompile>
    <ClCompile Include="AIRAnimation.cpp">
      <Filter>Source Files</Filter>
    </ClCompile>
  </ItemGroup>
  <ItemGroup>
    <None Include="AIRExporter2012.def">
      <Filter>Source Files</Filter>
    </None>
  </ItemGroup>
  <ItemGroup>
    <ClInclude Include="3dsmaxsdk_preinclude.h">
      <Filter>Header Files</Filter>
    </ClInclude>
    <ClInclude Include="AIRExporter2012.h">
      <Filter>Header Files</Filter>
    </ClInclude>
    <ClInclude Include="resource.h">
      <Filter>Header Files</Filter>
    </ClInclude>
    <ClInclude Include="AIRAnimation.h">
      <Filter>Header Files</Filter>
    </ClInclude>
    <ClInclude Include="AIRAnimBone.h">
      <Filter>Header Files</Filter>
    </ClInclude>
    <ClInclude Include="AIRBone.h">
      <Filter>Header Files</Filter>
    </ClInclude>
    <ClInclude Include="AIRKeyframeAnimation.h">
      <Filter>Header Files</Filter>
    </ClInclude>
    <ClInclude Include="AIRMaterial.h">
      <Filter>Header Files</Filter>
    </ClInclude>
    <ClInclude Include="AIRMesh.h">
      <Filter>Header Files</Filter>
    </ClInclude>
    <ClInclude Include="AirMeshDef.h">
      <Filter>Header Files</Filter>
    </ClInclude>
    <ClInclude Include="AIRSkeleton.h">
      <Filter>Header Files</Filter>
    </ClInclude>
    <ClInclude Include="AIRStaticMesh.h">
      <Filter>Header Files</Filter>
    </ClInclude>
    <ClInclude Include="AIRStaticMeshFile.h">
      <Filter>Header Files</Filter>
    </ClInclude>
    <ClInclude Include="AIRSubMesh.h">
      <Filter>Header Files</Filter>
    </ClInclude>
    <ClInclude Include="AIRVertex.h">
      <Filter>Header Files</Filter>
    </ClInclude>
    <ClInclude Include="MarkupSTL.h">
      <Filter>Header Files</Filter>
    </ClInclude>
    <ClInclude Include="MaxInterface.h">
      <Filter>Header Files</Filter>
    </ClInclude>
    <ClInclude Include="MaxMaterial.h">
      <Filter>Header Files</Filter>
    </ClInclude>
    <ClInclude Include="MaxMesh.h">
      <Filter>Header Files</Filter>
    </ClInclude>
    <ClInclude Include="MaxNode.h">
      <Filter>Header Files</Filter>
    </ClInclude>
  </ItemGroup>
  <ItemGroup>
    <ResourceCompile Include="AIRExporter2012.rc">
      <Filter>Resource Files</Filter>
    </ResourceCompile>
  </ItemGroup>
</Project>